
Microsoft Visual Studio Solution File, Format Version 11.00
# Visual Studio 2010
Project("{8BC9CEB8-8B4A-11D0-8D11-00A0C91BC942}") = "code", "code\code.vcxproj", "{87A54FE7-7048-493A-8C5B-C3929FC87F56}"
EndProject
Global
	GlobalSection(SolutionConfigurationPlatforms) = preSolution
		Debug|Win32 = Debug|Win32
		Release|Win32 = Release|Win32
	EndGlobalSection
	GlobalSection(ProjectConfigurationPlatforms) = postSolution
		{87A54FE7-7048-493A-8C5B-C3929FC87F56}.Debug|Win32.ActiveCfg = Debug|Win32
		{87A54FE7-7048-493A-8C5B-C3929FC87F56}.Debug|Win32.Build.0 = Debug|Win32
		{87A54FE7-7048-493A-8C5B-C3929FC87F56}.Release|Win32.ActiveCfg = Release|Win32
		{87A54FE7-7048-493A-8C5B-C3929FC87F56}.Release|Win32.Build.0 = Release|Win32
	EndGlobalSection
	GlobalSection(SolutionProperties) = preSolution
		HideSolutionNode = FALSE
	EndGlobalSection
EndGlobal
